
Microsoft Visual Studio Solution File, Format Version 12.00
# Visual Studio Version 17
VisualStudioVersion = 17.7.34024.191
MinimumVisualStudioVersion = 10.0.40219.1
Project("{FAE04EC0-301F-11D3-BF4B-00C04F79EFBC}") = "FavoriteColorsAnd Numbers", "FavoriteColorsAnd Numbers.csproj", "{E12A7265-5B4F-4062-AA14-90613A2604B1}"
EndProject
Global
	GlobalSection(SolutionConfigurationPlatforms) = preSolution
		Debug|Any CPU = Debug|Any CPU
		Release|Any CPU = Release|Any CPU
	EndGlobalSection
	GlobalSection(ProjectConfigurationPlatforms) = postSolution
		{E12A7265-5B4F-4062-AA14-90613A2604B1}.Debug|Any CPU.ActiveCfg = Debug|Any CPU
		{E12A7265-5B4F-4062-AA14-90613A2604B1}.Debug|Any CPU.Build.0 = Debug|Any CPU
		{E12A7265-5B4F-4062-AA14-90613A2604B1}.Release|Any CPU.ActiveCfg = Release|Any CPU
		{E12A7265-5B4F-4062-AA14-90613A2604B1}.Release|Any CPU.Build.0 = Release|Any CPU
	EndGlobalSection
	GlobalSection(SolutionProperties) = preSolution
		HideSolutionNode = FALSE
	EndGlobalSection
	GlobalSection(ExtensibilityGlobals) = postSolution
		SolutionGuid = {A70856D6-3F02-493D-91F0-2AF602CA8ABD}
	EndGlobalSection
EndGlobal
