
Microsoft Visual Studio Solution File, Format Version 12.00
# Visual Studio Version 17
VisualStudioVersion = 17.7.34031.279
MinimumVisualStudioVersion = 10.0.40219.1
Project("{FAE04EC0-301F-11D3-BF4B-00C04F79EFBC}") = "VehiclesLib", "VehiclesLib.csproj", "{316D960E-0B54-4C66-AAD3-DA4D81CBF4F8}"
EndProject
Global
	GlobalSection(SolutionConfigurationPlatforms) = preSolution
		Debug|Any CPU = Debug|Any CPU
		Release|Any CPU = Release|Any CPU
	EndGlobalSection
	GlobalSection(ProjectConfigurationPlatforms) = postSolution
		{316D960E-0B54-4C66-AAD3-DA4D81CBF4F8}.Debug|Any CPU.ActiveCfg = Debug|Any CPU
		{316D960E-0B54-4C66-AAD3-DA4D81CBF4F8}.Debug|Any CPU.Build.0 = Debug|Any CPU
		{316D960E-0B54-4C66-AAD3-DA4D81CBF4F8}.Release|Any CPU.ActiveCfg = Release|Any CPU
		{316D960E-0B54-4C66-AAD3-DA4D81CBF4F8}.Release|Any CPU.Build.0 = Release|Any CPU
	EndGlobalSection
	GlobalSection(SolutionProperties) = preSolution
		HideSolutionNode = FALSE
	EndGlobalSection
	GlobalSection(ExtensibilityGlobals) = postSolution
		SolutionGuid = {77E38199-5613-407B-813C-2A6274D4E145}
	EndGlobalSection
EndGlobal
