
Microsoft Visual Studio Solution File, Format Version 12.00
# Visual Studio Version 17
VisualStudioVersion = 17.7.34031.279
MinimumVisualStudioVersion = 10.0.40219.1
Project("{FAE04EC0-301F-11D3-BF4B-00C04F79EFBC}") = "CafeLib", "CafeLib.csproj", "{C6FCF78B-A9E1-44AB-9D93-22874E34090E}"
EndProject
Global
	GlobalSection(SolutionConfigurationPlatforms) = preSolution
		Debug|Any CPU = Debug|Any CPU
		Release|Any CPU = Release|Any CPU
	EndGlobalSection
	GlobalSection(ProjectConfigurationPlatforms) = postSolution
		{C6FCF78B-A9E1-44AB-9D93-22874E34090E}.Debug|Any CPU.ActiveCfg = Debug|Any CPU
		{C6FCF78B-A9E1-44AB-9D93-22874E34090E}.Debug|Any CPU.Build.0 = Debug|Any CPU
		{C6FCF78B-A9E1-44AB-9D93-22874E34090E}.Release|Any CPU.ActiveCfg = Release|Any CPU
		{C6FCF78B-A9E1-44AB-9D93-22874E34090E}.Release|Any CPU.Build.0 = Release|Any CPU
	EndGlobalSection
	GlobalSection(SolutionProperties) = preSolution
		HideSolutionNode = FALSE
	EndGlobalSection
	GlobalSection(ExtensibilityGlobals) = postSolution
		SolutionGuid = {ABECB52D-C3AA-4F66-AACA-0C15C151A494}
	EndGlobalSection
EndGlobal
