
Microsoft Visual Studio Solution File, Format Version 12.00
# Visual Studio Version 17
VisualStudioVersion = 17.8.34322.80
MinimumVisualStudioVersion = 10.0.40219.1
Project("{FAE04EC0-301F-11D3-BF4B-00C04F79EFBC}") = "FinalExam_ColorDigraph", "FinalExam_ColorDigraph.csproj", "{A5A1C856-DB94-4E13-862A-0ECF92A93AC3}"
EndProject
Global
	GlobalSection(SolutionConfigurationPlatforms) = preSolution
		Debug|Any CPU = Debug|Any CPU
		Release|Any CPU = Release|Any CPU
	EndGlobalSection
	GlobalSection(ProjectConfigurationPlatforms) = postSolution
		{A5A1C856-DB94-4E13-862A-0ECF92A93AC3}.Debug|Any CPU.ActiveCfg = Debug|Any CPU
		{A5A1C856-DB94-4E13-862A-0ECF92A93AC3}.Debug|Any CPU.Build.0 = Debug|Any CPU
		{A5A1C856-DB94-4E13-862A-0ECF92A93AC3}.Release|Any CPU.ActiveCfg = Release|Any CPU
		{A5A1C856-DB94-4E13-862A-0ECF92A93AC3}.Release|Any CPU.Build.0 = Release|Any CPU
	EndGlobalSection
	GlobalSection(SolutionProperties) = preSolution
		HideSolutionNode = FALSE
	EndGlobalSection
	GlobalSection(ExtensibilityGlobals) = postSolution
		SolutionGuid = {4F141A0E-2A13-43B7-838F-622F029F1581}
	EndGlobalSection
EndGlobal
