
Microsoft Visual Studio Solution File, Format Version 12.00
# Visual Studio Version 17
VisualStudioVersion = 17.8.34309.116
MinimumVisualStudioVersion = 10.0.40219.1
Project("{FAE04EC0-301F-11D3-BF4B-00C04F79EFBC}") = "JsonHTML", "JsonHTML.csproj", "{38B834BA-BED6-4ECD-AE58-192BBD4DDACE}"
EndProject
Global
	GlobalSection(SolutionConfigurationPlatforms) = preSolution
		Debug|Any CPU = Debug|Any CPU
		Release|Any CPU = Release|Any CPU
	EndGlobalSection
	GlobalSection(ProjectConfigurationPlatforms) = postSolution
		{38B834BA-BED6-4ECD-AE58-192BBD4DDACE}.Debug|Any CPU.ActiveCfg = Debug|Any CPU
		{38B834BA-BED6-4ECD-AE58-192BBD4DDACE}.Debug|Any CPU.Build.0 = Debug|Any CPU
		{38B834BA-BED6-4ECD-AE58-192BBD4DDACE}.Release|Any CPU.ActiveCfg = Release|Any CPU
		{38B834BA-BED6-4ECD-AE58-192BBD4DDACE}.Release|Any CPU.Build.0 = Release|Any CPU
	EndGlobalSection
	GlobalSection(SolutionProperties) = preSolution
		HideSolutionNode = FALSE
	EndGlobalSection
	GlobalSection(ExtensibilityGlobals) = postSolution
		SolutionGuid = {F059F8B4-DB50-40AB-8652-AB2456D265F3}
	EndGlobalSection
EndGlobal
