
Microsoft Visual Studio Solution File, Format Version 12.00
# Visual Studio Version 17
VisualStudioVersion = 17.7.34024.191
MinimumVisualStudioVersion = 10.0.40219.1
Project("{FAE04EC0-301F-11D3-BF4B-00C04F79EFBC}") = "GithubFirstCommit", "GithubFirstCommit.csproj", "{C491C08E-9215-4854-A9AD-9B15EE0D5046}"
EndProject
Global
	GlobalSection(SolutionConfigurationPlatforms) = preSolution
		Debug|Any CPU = Debug|Any CPU
		Release|Any CPU = Release|Any CPU
	EndGlobalSection
	GlobalSection(ProjectConfigurationPlatforms) = postSolution
		{C491C08E-9215-4854-A9AD-9B15EE0D5046}.Debug|Any CPU.ActiveCfg = Debug|Any CPU
		{C491C08E-9215-4854-A9AD-9B15EE0D5046}.Debug|Any CPU.Build.0 = Debug|Any CPU
		{C491C08E-9215-4854-A9AD-9B15EE0D5046}.Release|Any CPU.ActiveCfg = Release|Any CPU
		{C491C08E-9215-4854-A9AD-9B15EE0D5046}.Release|Any CPU.Build.0 = Release|Any CPU
	EndGlobalSection
	GlobalSection(SolutionProperties) = preSolution
		HideSolutionNode = FALSE
	EndGlobalSection
	GlobalSection(ExtensibilityGlobals) = postSolution
		SolutionGuid = {45565174-0384-42BC-B511-C8136596CB0D}
	EndGlobalSection
EndGlobal
