
Microsoft Visual Studio Solution File, Format Version 12.00
# Visual Studio Version 17
VisualStudioVersion = 17.7.34024.191
MinimumVisualStudioVersion = 10.0.40219.1
Project("{FAE04EC0-301F-11D3-BF4B-00C04F79EFBC}") = "Arrays", "Arrays.csproj", "{4DB5B09A-B8D5-46CE-8943-781CAFE35525}"
EndProject
Global
	GlobalSection(SolutionConfigurationPlatforms) = preSolution
		Debug|Any CPU = Debug|Any CPU
		Release|Any CPU = Release|Any CPU
	EndGlobalSection
	GlobalSection(ProjectConfigurationPlatforms) = postSolution
		{4DB5B09A-B8D5-46CE-8943-781CAFE35525}.Debug|Any CPU.ActiveCfg = Debug|Any CPU
		{4DB5B09A-B8D5-46CE-8943-781CAFE35525}.Debug|Any CPU.Build.0 = Debug|Any CPU
		{4DB5B09A-B8D5-46CE-8943-781CAFE35525}.Release|Any CPU.ActiveCfg = Release|Any CPU
		{4DB5B09A-B8D5-46CE-8943-781CAFE35525}.Release|Any CPU.Build.0 = Release|Any CPU
	EndGlobalSection
	GlobalSection(SolutionProperties) = preSolution
		HideSolutionNode = FALSE
	EndGlobalSection
	GlobalSection(ExtensibilityGlobals) = postSolution
		SolutionGuid = {762D1871-5D42-4676-8D76-F88548E04619}
	EndGlobalSection
EndGlobal
