
Microsoft Visual Studio Solution File, Format Version 12.00
# Visual Studio Version 17
VisualStudioVersion = 17.7.34031.279
MinimumVisualStudioVersion = 10.0.40219.1
Project("{FAE04EC0-301F-11D3-BF4B-00C04F79EFBC}") = "PE14-Classy", "PE14-Classy.csproj", "{6EE5B3AB-76E8-44EE-897B-FACE9EB84E36}"
EndProject
Global
	GlobalSection(SolutionConfigurationPlatforms) = preSolution
		Debug|Any CPU = Debug|Any CPU
		Release|Any CPU = Release|Any CPU
	EndGlobalSection
	GlobalSection(ProjectConfigurationPlatforms) = postSolution
		{6EE5B3AB-76E8-44EE-897B-FACE9EB84E36}.Debug|Any CPU.ActiveCfg = Debug|Any CPU
		{6EE5B3AB-76E8-44EE-897B-FACE9EB84E36}.Debug|Any CPU.Build.0 = Debug|Any CPU
		{6EE5B3AB-76E8-44EE-897B-FACE9EB84E36}.Release|Any CPU.ActiveCfg = Release|Any CPU
		{6EE5B3AB-76E8-44EE-897B-FACE9EB84E36}.Release|Any CPU.Build.0 = Release|Any CPU
	EndGlobalSection
	GlobalSection(SolutionProperties) = preSolution
		HideSolutionNode = FALSE
	EndGlobalSection
	GlobalSection(ExtensibilityGlobals) = postSolution
		SolutionGuid = {FBDFB14F-DB73-4419-8FF7-B54226E84F2B}
	EndGlobalSection
EndGlobal
