
Microsoft Visual Studio Solution File, Format Version 12.00
# Visual Studio Version 17
VisualStudioVersion = 17.7.34031.279
MinimumVisualStudioVersion = 10.0.40219.1
Project("{FAE04EC0-301F-11D3-BF4B-00C04F79EFBC}") = "PeopleApp", "PeopleApp.csproj", "{EC524F17-1AC9-4F37-ADA3-4A7F49F78ECA}"
	ProjectSection(ProjectDependencies) = postProject
		{27C66FB4-DA11-43C4-B205-18729EAF3CD0} = {27C66FB4-DA11-43C4-B205-18729EAF3CD0}
	EndProjectSection
EndProject
Project("{FAE04EC0-301F-11D3-BF4B-00C04F79EFBC}") = "PeopleLib", "..\PeopleLib\PeopleLib.csproj", "{27C66FB4-DA11-43C4-B205-18729EAF3CD0}"
EndProject
Global
	GlobalSection(SolutionConfigurationPlatforms) = preSolution
		Debug|Any CPU = Debug|Any CPU
		Release|Any CPU = Release|Any CPU
	EndGlobalSection
	GlobalSection(ProjectConfigurationPlatforms) = postSolution
		{EC524F17-1AC9-4F37-ADA3-4A7F49F78ECA}.Debug|Any CPU.ActiveCfg = Debug|Any CPU
		{EC524F17-1AC9-4F37-ADA3-4A7F49F78ECA}.Debug|Any CPU.Build.0 = Debug|Any CPU
		{EC524F17-1AC9-4F37-ADA3-4A7F49F78ECA}.Release|Any CPU.ActiveCfg = Release|Any CPU
		{EC524F17-1AC9-4F37-ADA3-4A7F49F78ECA}.Release|Any CPU.Build.0 = Release|Any CPU
		{27C66FB4-DA11-43C4-B205-18729EAF3CD0}.Debug|Any CPU.ActiveCfg = Debug|Any CPU
		{27C66FB4-DA11-43C4-B205-18729EAF3CD0}.Debug|Any CPU.Build.0 = Debug|Any CPU
		{27C66FB4-DA11-43C4-B205-18729EAF3CD0}.Release|Any CPU.ActiveCfg = Release|Any CPU
		{27C66FB4-DA11-43C4-B205-18729EAF3CD0}.Release|Any CPU.Build.0 = Release|Any CPU
	EndGlobalSection
	GlobalSection(SolutionProperties) = preSolution
		HideSolutionNode = FALSE
	EndGlobalSection
	GlobalSection(ExtensibilityGlobals) = postSolution
		SolutionGuid = {F008B382-53B5-49CB-A580-B36C4AC2A751}
	EndGlobalSection
EndGlobal
