
Microsoft Visual Studio Solution File, Format Version 12.00
# Visual Studio Version 17
VisualStudioVersion = 17.8.34309.116
MinimumVisualStudioVersion = 10.0.40219.1
Project("{FAE04EC0-301F-11D3-BF4B-00C04F79EFBC}") = "PresidentsApp", "PresidentsApp.csproj", "{ACAB30AA-3FCB-4539-829E-83081C058941}"
EndProject
Global
	GlobalSection(SolutionConfigurationPlatforms) = preSolution
		Debug|Any CPU = Debug|Any CPU
		Release|Any CPU = Release|Any CPU
	EndGlobalSection
	GlobalSection(ProjectConfigurationPlatforms) = postSolution
		{ACAB30AA-3FCB-4539-829E-83081C058941}.Debug|Any CPU.ActiveCfg = Debug|Any CPU
		{ACAB30AA-3FCB-4539-829E-83081C058941}.Debug|Any CPU.Build.0 = Debug|Any CPU
		{ACAB30AA-3FCB-4539-829E-83081C058941}.Release|Any CPU.ActiveCfg = Release|Any CPU
		{ACAB30AA-3FCB-4539-829E-83081C058941}.Release|Any CPU.Build.0 = Release|Any CPU
	EndGlobalSection
	GlobalSection(SolutionProperties) = preSolution
		HideSolutionNode = FALSE
	EndGlobalSection
	GlobalSection(ExtensibilityGlobals) = postSolution
		SolutionGuid = {E41C59BE-1D35-4712-AA61-27CAF0D9793E}
	EndGlobalSection
EndGlobal
