
Microsoft Visual Studio Solution File, Format Version 12.00
# Visual Studio Version 17
VisualStudioVersion = 17.8.34322.80
MinimumVisualStudioVersion = 10.0.40219.1
Project("{FAE04EC0-301F-11D3-BF4B-00C04F79EFBC}") = "RoomGlobals", "RoomGlobals.csproj", "{62BE05CA-D83F-47D8-B7A7-2F93A644309B}"
EndProject
Global
	GlobalSection(SolutionConfigurationPlatforms) = preSolution
		Debug|Any CPU = Debug|Any CPU
		Release|Any CPU = Release|Any CPU
	EndGlobalSection
	GlobalSection(ProjectConfigurationPlatforms) = postSolution
		{62BE05CA-D83F-47D8-B7A7-2F93A644309B}.Debug|Any CPU.ActiveCfg = Debug|Any CPU
		{62BE05CA-D83F-47D8-B7A7-2F93A644309B}.Debug|Any CPU.Build.0 = Debug|Any CPU
		{62BE05CA-D83F-47D8-B7A7-2F93A644309B}.Release|Any CPU.ActiveCfg = Release|Any CPU
		{62BE05CA-D83F-47D8-B7A7-2F93A644309B}.Release|Any CPU.Build.0 = Release|Any CPU
	EndGlobalSection
	GlobalSection(SolutionProperties) = preSolution
		HideSolutionNode = FALSE
	EndGlobalSection
	GlobalSection(ExtensibilityGlobals) = postSolution
		SolutionGuid = {F33D38C3-B41B-4110-85BD-0A52FF5567E3}
	EndGlobalSection
EndGlobal
